// !$*UTF8*$!
{
	archiveVersion = 1;
	classes = {
	};
	objectVersion = 52;
	objects = {

/* Begin PBXBuildFile section */
		86043AFE2592E9AB0057B747 /* PixelView.swift in Sources */ = {isa = PBXBuildFile; fileRef = 86043AFD2592E9AB0057B747 /* PixelView.swift */; };
		860FB303258AC6460014A0E1 /* CollectionView.swift in Sources */ = {isa = PBXBuildFile; fileRef = 860FB302258AC6460014A0E1 /* CollectionView.swift */; };
		8617E52A2592CF6600D7460B /* SemixelApp.swift in Sources */ = {isa = PBXBuildFile; fileRef = 8617E5292592CF6600D7460B /* SemixelApp.swift */; };
		861BAB0C276D7CA300E3877E /* Default Artwork in Resources */ = {isa = PBXBuildFile; fileRef = 866C99BB2581D60F00FAEF03 /* Default Artwork */; };
		861BAB0E276D7CC800E3877E /* Default Artwork in Resources */ = {isa = PBXBuildFile; fileRef = 861BAB0D276D7CC800E3877E /* Default Artwork */; };
		862609A825B7BAEF00B325E4 /* ProjectSyncSession.swift in Sources */ = {isa = PBXBuildFile; fileRef = 862609A625B7BAEF00B325E4 /* ProjectSyncSession.swift */; };
		862609A925B7BAEF00B325E4 /* ProjectSyncService.swift in Sources */ = {isa = PBXBuildFile; fileRef = 862609A725B7BAEF00B325E4 /* ProjectSyncService.swift */; };
		864E74D924B714B20000A1AB /* ArtworkView.swift in Sources */ = {isa = PBXBuildFile; fileRef = 864E74D824B714B20000A1AB /* ArtworkView.swift */; };
		864E74DB24B714B30000A1AB /* Assets.xcassets in Resources */ = {isa = PBXBuildFile; fileRef = 864E74DA24B714B30000A1AB /* Assets.xcassets */; };
		864E74DE24B714B30000A1AB /* Preview Assets.xcassets in Resources */ = {isa = PBXBuildFile; fileRef = 864E74DD24B714B30000A1AB /* Preview Assets.xcassets */; };
		8650E40625BAB9F70026AE24 /* ArtworkMetadataView.swift in Sources */ = {isa = PBXBuildFile; fileRef = 8650E40525BAB9F70026AE24 /* ArtworkMetadataView.swift */; };
		86554BAF259040B3001864D6 /* SemanticIdentifierView.swift in Sources */ = {isa = PBXBuildFile; fileRef = 86554BAE259040B3001864D6 /* SemanticIdentifierView.swift */; };
		8660200025AC33B000BC6CC7 /* initialize.swift in Sources */ = {isa = PBXBuildFile; fileRef = 86601FFF25AC33B000BC6CC7 /* initialize.swift */; };
		866DE89E2594482B0036B3E3 /* ToolsMenu.swift in Sources */ = {isa = PBXBuildFile; fileRef = 866DE89D2594482B0036B3E3 /* ToolsMenu.swift */; };
		867F396225CE50270047B714 /* DragView.swift in Sources */ = {isa = PBXBuildFile; fileRef = 867F396125CE50270047B714 /* DragView.swift */; };
		869C823825902D7C00B0235E /* PixelGridImageView.swift in Sources */ = {isa = PBXBuildFile; fileRef = 869C823725902D7C00B0235E /* PixelGridImageView.swift */; };
		869C823C25902DD500B0235E /* ToolType.swift in Sources */ = {isa = PBXBuildFile; fileRef = 869C823B25902DD500B0235E /* ToolType.swift */; };
		869C824225902E2E00B0235E /* ToolButton.swift in Sources */ = {isa = PBXBuildFile; fileRef = 869C824125902E2E00B0235E /* ToolButton.swift */; };
		869C824525902E5400B0235E /* OverlayView.swift in Sources */ = {isa = PBXBuildFile; fileRef = 869C824425902E5400B0235E /* OverlayView.swift */; };
		869C824825902E6200B0235E /* ColorPaletteView.swift in Sources */ = {isa = PBXBuildFile; fileRef = 869C824725902E6200B0235E /* ColorPaletteView.swift */; };
		869F4E04275EDE5A00328FBC /* AppDelegate.swift in Sources */ = {isa = PBXBuildFile; fileRef = 869F4E03275EDE5A00328FBC /* AppDelegate.swift */; };
		869F4E06275EDE5A00328FBC /* SceneDelegate.swift in Sources */ = {isa = PBXBuildFile; fileRef = 869F4E05275EDE5A00328FBC /* SceneDelegate.swift */; };
		869F4E08275EDE5A00328FBC /* ViewController.swift in Sources */ = {isa = PBXBuildFile; fileRef = 869F4E07275EDE5A00328FBC /* ViewController.swift */; };
		869F4E0B275EDE5A00328FBC /* Main.storyboard in Resources */ = {isa = PBXBuildFile; fileRef = 869F4E09275EDE5A00328FBC /* Main.storyboard */; };
		869F4E0D275EDE5C00328FBC /* Assets.xcassets in Resources */ = {isa = PBXBuildFile; fileRef = 869F4E0C275EDE5C00328FBC /* Assets.xcassets */; };
		869F4E10275EDE5C00328FBC /* LaunchScreen.storyboard in Resources */ = {isa = PBXBuildFile; fileRef = 869F4E0E275EDE5C00328FBC /* LaunchScreen.storyboard */; };
		869F4E16275EE13000328FBC /* GridView.swift in Sources */ = {isa = PBXBuildFile; fileRef = 869F4E15275EE12F00328FBC /* GridView.swift */; };
		869F4E1A275EF77E00328FBC /* ColorPickerView.swift in Sources */ = {isa = PBXBuildFile; fileRef = 869F4E19275EF77E00328FBC /* ColorPickerView.swift */; };
		869F993227601A740005FF31 /* SemixelCore in Frameworks */ = {isa = PBXBuildFile; productRef = 869F993127601A740005FF31 /* SemixelCore */; };
		869F993427601A7C0005FF31 /* SemixelCore in Frameworks */ = {isa = PBXBuildFile; productRef = 869F993327601A7C0005FF31 /* SemixelCore */; };
		869F993627601D5D0005FF31 /* ArtworkStore.swift in Sources */ = {isa = PBXBuildFile; fileRef = 869F993527601D5D0005FF31 /* ArtworkStore.swift */; };
		869F99382760203F0005FF31 /* SemanticArtwork.swift in Sources */ = {isa = PBXBuildFile; fileRef = 869F99372760203F0005FF31 /* SemanticArtwork.swift */; };
		869F993A276020640005FF31 /* History.swift in Sources */ = {isa = PBXBuildFile; fileRef = 869F9939276020640005FF31 /* History.swift */; };
		869F993C2760207A0005FF31 /* SemanticColor.swift in Sources */ = {isa = PBXBuildFile; fileRef = 869F993B2760207A0005FF31 /* SemanticColor.swift */; };
		869F993E276027D50005FF31 /* PixelImage+UIImage.swift in Sources */ = {isa = PBXBuildFile; fileRef = 869F993D276027D50005FF31 /* PixelImage+UIImage.swift */; };
		86BFA8E1254CFE0200DE3D1B /* PixelBufferView.swift in Sources */ = {isa = PBXBuildFile; fileRef = 86BFA8E0254CFE0200DE3D1B /* PixelBufferView.swift */; };
		86CDD36C275F17E8009A2569 /* PixelView.swift in Sources */ = {isa = PBXBuildFile; fileRef = 86CDD36B275F17E8009A2569 /* PixelView.swift */; };
		86F520462590164300C19E41 /* FolderMonitor.swift in Sources */ = {isa = PBXBuildFile; fileRef = 86F520452590164300C19E41 /* FolderMonitor.swift */; };
		86F520542590190D00C19E41 /* PixelImage+UIImage.swift in Sources */ = {isa = PBXBuildFile; fileRef = 86F520532590190D00C19E41 /* PixelImage+UIImage.swift */; };
/* End PBXBuildFile section */

/* Begin PBXFileReference section */
		86043AFD2592E9AB0057B747 /* PixelView.swift */ = {isa = PBXFileReference; fileEncoding = 4; lastKnownFileType = sourcecode.swift; path = PixelView.swift; sourceTree = "<group>"; };
		860FB302258AC6460014A0E1 /* CollectionView.swift */ = {isa = PBXFileReference; lastKnownFileType = sourcecode.swift; path = CollectionView.swift; sourceTree = "<group>"; };
		8617E5292592CF6600D7460B /* SemixelApp.swift */ = {isa = PBXFileReference; lastKnownFileType = sourcecode.swift; path = SemixelApp.swift; sourceTree = "<group>"; };
		861BAB0D276D7CC800E3877E /* Default Artwork */ = {isa = PBXFileReference; lastKnownFileType = folder; path = "Default Artwork"; sourceTree = "<group>"; };
		862609A425B7BA5500B325E4 /* ProjectSync */ = {isa = PBXFileReference; lastKnownFileType = folder; path = ProjectSync; sourceTree = "<group>"; };
		862609A625B7BAEF00B325E4 /* ProjectSyncSession.swift */ = {isa = PBXFileReference; fileEncoding = 4; lastKnownFileType = sourcecode.swift; path = ProjectSyncSession.swift; sourceTree = "<group>"; };
		862609A725B7BAEF00B325E4 /* ProjectSyncService.swift */ = {isa = PBXFileReference; fileEncoding = 4; lastKnownFileType = sourcecode.swift; path = ProjectSyncService.swift; sourceTree = "<group>"; };
		864E74D124B714B20000A1AB /* Semixel.app */ = {isa = PBXFileReference; explicitFileType = wrapper.application; includeInIndex = 0; path = Semixel.app; sourceTree = BUILT_PRODUCTS_DIR; };
		864E74D824B714B20000A1AB /* ArtworkView.swift */ = {isa = PBXFileReference; lastKnownFileType = sourcecode.swift; path = ArtworkView.swift; sourceTree = "<group>"; };
		864E74DA24B714B30000A1AB /* Assets.xcassets */ = {isa = PBXFileReference; lastKnownFileType = folder.assetcatalog; path = Assets.xcassets; sourceTree = "<group>"; };
		864E74DD24B714B30000A1AB /* Preview Assets.xcassets */ = {isa = PBXFileReference; lastKnownFileType = folder.assetcatalog; path = "Preview Assets.xcassets"; sourceTree = "<group>"; };
		864E74E224B714B30000A1AB /* Info.plist */ = {isa = PBXFileReference; lastKnownFileType = text.plist.xml; path = Info.plist; sourceTree = "<group>"; };
		8650E40525BAB9F70026AE24 /* ArtworkMetadataView.swift */ = {isa = PBXFileReference; lastKnownFileType = sourcecode.swift; path = ArtworkMetadataView.swift; sourceTree = "<group>"; };
		86554BAE259040B3001864D6 /* SemanticIdentifierView.swift */ = {isa = PBXFileReference; lastKnownFileType = sourcecode.swift; path = SemanticIdentifierView.swift; sourceTree = "<group>"; };
		86601FFF25AC33B000BC6CC7 /* initialize.swift */ = {isa = PBXFileReference; lastKnownFileType = sourcecode.swift; path = initialize.swift; sourceTree = "<group>"; };
		866C99BB2581D60F00FAEF03 /* Default Artwork */ = {isa = PBXFileReference; lastKnownFileType = folder; path = "Default Artwork"; sourceTree = "<group>"; };
		866DE89D2594482B0036B3E3 /* ToolsMenu.swift */ = {isa = PBXFileReference; lastKnownFileType = sourcecode.swift; path = ToolsMenu.swift; sourceTree = "<group>"; };
		867F396125CE50270047B714 /* DragView.swift */ = {isa = PBXFileReference; lastKnownFileType = sourcecode.swift; path = DragView.swift; sourceTree = "<group>"; };
		869C823725902D7C00B0235E /* PixelGridImageView.swift */ = {isa = PBXFileReference; lastKnownFileType = sourcecode.swift; path = PixelGridImageView.swift; sourceTree = "<group>"; };
		869C823B25902DD500B0235E /* ToolType.swift */ = {isa = PBXFileReference; lastKnownFileType = sourcecode.swift; path = ToolType.swift; sourceTree = "<group>"; };
		869C824125902E2E00B0235E /* ToolButton.swift */ = {isa = PBXFileReference; lastKnownFileType = sourcecode.swift; path = ToolButton.swift; sourceTree = "<group>"; };
		869C824425902E5400B0235E /* OverlayView.swift */ = {isa = PBXFileReference; lastKnownFileType = sourcecode.swift; path = OverlayView.swift; sourceTree = "<group>"; };
		869C824725902E6200B0235E /* ColorPaletteView.swift */ = {isa = PBXFileReference; lastKnownFileType = sourcecode.swift; path = ColorPaletteView.swift; sourceTree = "<group>"; };
		869F4E01275EDE5A00328FBC /* Semixel-UIKIt.app */ = {isa = PBXFileReference; explicitFileType = wrapper.application; includeInIndex = 0; path = "Semixel-UIKIt.app"; sourceTree = BUILT_PRODUCTS_DIR; };
		869F4E03275EDE5A00328FBC /* AppDelegate.swift */ = {isa = PBXFileReference; lastKnownFileType = sourcecode.swift; path = AppDelegate.swift; sourceTree = "<group>"; };
		869F4E05275EDE5A00328FBC /* SceneDelegate.swift */ = {isa = PBXFileReference; lastKnownFileType = sourcecode.swift; path = SceneDelegate.swift; sourceTree = "<group>"; };
		869F4E07275EDE5A00328FBC /* ViewController.swift */ = {isa = PBXFileReference; lastKnownFileType = sourcecode.swift; path = ViewController.swift; sourceTree = "<group>"; };
		869F4E0A275EDE5A00328FBC /* Base */ = {isa = PBXFileReference; lastKnownFileType = file.storyboard; name = Base; path = Base.lproj/Main.storyboard; sourceTree = "<group>"; };
		869F4E0C275EDE5C00328FBC /* Assets.xcassets */ = {isa = PBXFileReference; lastKnownFileType = folder.assetcatalog; path = Assets.xcassets; sourceTree = "<group>"; };
		869F4E0F275EDE5C00328FBC /* Base */ = {isa = PBXFileReference; lastKnownFileType = file.storyboard; name = Base; path = Base.lproj/LaunchScreen.storyboard; sourceTree = "<group>"; };
		869F4E11275EDE5C00328FBC /* Info.plist */ = {isa = PBXFileReference; lastKnownFileType = text.plist.xml; path = Info.plist; sourceTree = "<group>"; };
		869F4E15275EE12F00328FBC /* GridView.swift */ = {isa = PBXFileReference; lastKnownFileType = sourcecode.swift; path = GridView.swift; sourceTree = "<group>"; };
		869F4E19275EF77E00328FBC /* ColorPickerView.swift */ = {isa = PBXFileReference; lastKnownFileType = sourcecode.swift; path = ColorPickerView.swift; sourceTree = "<group>"; };
		869F9930276019FE0005FF31 /* SemixelCore */ = {isa = PBXFileReference; lastKnownFileType = folder; path = SemixelCore; sourceTree = "<group>"; };
		869F993527601D5D0005FF31 /* ArtworkStore.swift */ = {isa = PBXFileReference; lastKnownFileType = sourcecode.swift; path = ArtworkStore.swift; sourceTree = "<group>"; };
		869F99372760203F0005FF31 /* SemanticArtwork.swift */ = {isa = PBXFileReference; lastKnownFileType = sourcecode.swift; path = SemanticArtwork.swift; sourceTree = "<group>"; };
		869F9939276020640005FF31 /* History.swift */ = {isa = PBXFileReference; lastKnownFileType = sourcecode.swift; path = History.swift; sourceTree = "<group>"; };
		869F993B2760207A0005FF31 /* SemanticColor.swift */ = {isa = PBXFileReference; lastKnownFileType = sourcecode.swift; path = SemanticColor.swift; sourceTree = "<group>"; };
		869F993D276027D50005FF31 /* PixelImage+UIImage.swift */ = {isa = PBXFileReference; lastKnownFileType = sourcecode.swift; path = "PixelImage+UIImage.swift"; sourceTree = "<group>"; };
		86BFA8E0254CFE0200DE3D1B /* PixelBufferView.swift */ = {isa = PBXFileReference; lastKnownFileType = sourcecode.swift; path = PixelBufferView.swift; sourceTree = "<group>"; };
		86CDD36B275F17E8009A2569 /* PixelView.swift */ = {isa = PBXFileReference; lastKnownFileType = sourcecode.swift; path = PixelView.swift; sourceTree = "<group>"; };
		86F520452590164300C19E41 /* FolderMonitor.swift */ = {isa = PBXFileReference; lastKnownFileType = sourcecode.swift; path = FolderMonitor.swift; sourceTree = "<group>"; };
		86F520532590190D00C19E41 /* PixelImage+UIImage.swift */ = {isa = PBXFileReference; lastKnownFileType = sourcecode.swift; path = "PixelImage+UIImage.swift"; sourceTree = "<group>"; };
/* End PBXFileReference section */

/* Begin PBXFrameworksBuildPhase section */
		864E74CE24B714B20000A1AB /* Frameworks */ = {
			isa = PBXFrameworksBuildPhase;
			buildActionMask = 2147483647;
			files = (
				869F993227601A740005FF31 /* SemixelCore in Frameworks */,
			);
			runOnlyForDeploymentPostprocessing = 0;
		};
		869F4DFE275EDE5A00328FBC /* Frameworks */ = {
			isa = PBXFrameworksBuildPhase;
			buildActionMask = 2147483647;
			files = (
				869F993427601A7C0005FF31 /* SemixelCore in Frameworks */,
			);
			runOnlyForDeploymentPostprocessing = 0;
		};
/* End PBXFrameworksBuildPhase section */

/* Begin PBXGroup section */
		8642B88F25845A98009E0A66 /* Editor */ = {
			isa = PBXGroup;
			children = (
				86554BAE259040B3001864D6 /* SemanticIdentifierView.swift */,
				860FB302258AC6460014A0E1 /* CollectionView.swift */,
				869C824725902E6200B0235E /* ColorPaletteView.swift */,
				869C824425902E5400B0235E /* OverlayView.swift */,
				869C823725902D7C00B0235E /* PixelGridImageView.swift */,
				86043AFD2592E9AB0057B747 /* PixelView.swift */,
				869C824125902E2E00B0235E /* ToolButton.swift */,
				866DE89D2594482B0036B3E3 /* ToolsMenu.swift */,
				869C823B25902DD500B0235E /* ToolType.swift */,
				8650E40525BAB9F70026AE24 /* ArtworkMetadataView.swift */,
				867F396125CE50270047B714 /* DragView.swift */,
			);
			path = Editor;
			sourceTree = "<group>";
		};
		864E74C824B714B20000A1AB = {
			isa = PBXGroup;
			children = (
				869F9930276019FE0005FF31 /* SemixelCore */,
				862609A425B7BA5500B325E4 /* ProjectSync */,
				864E74D324B714B20000A1AB /* Semixel */,
				869F4E02275EDE5A00328FBC /* Semixel-UIKIt */,
				864E74D224B714B20000A1AB /* Products */,
				86B90BDC25565A1400DC7D55 /* Frameworks */,
			);
			sourceTree = "<group>";
		};
		864E74D224B714B20000A1AB /* Products */ = {
			isa = PBXGroup;
			children = (
				864E74D124B714B20000A1AB /* Semixel.app */,
				869F4E01275EDE5A00328FBC /* Semixel-UIKIt.app */,
			);
			name = Products;
			sourceTree = "<group>";
		};
		864E74D324B714B20000A1AB /* Semixel */ = {
			isa = PBXGroup;
			children = (
				86ADB31D259013DA00F59A39 /* UI */,
				86F5204C259017FC00C19E41 /* Support */,
				86ADB31E2590142500F59A39 /* Other */,
				861BAB0D276D7CC800E3877E /* Default Artwork */,
			);
			path = Semixel;
			sourceTree = "<group>";
		};
		864E74DC24B714B30000A1AB /* Preview Content */ = {
			isa = PBXGroup;
			children = (
				864E74DD24B714B30000A1AB /* Preview Assets.xcassets */,
			);
			path = "Preview Content";
			sourceTree = "<group>";
		};
		869F4E02275EDE5A00328FBC /* Semixel-UIKIt */ = {
			isa = PBXGroup;
			children = (
				869F993D276027D50005FF31 /* PixelImage+UIImage.swift */,
				869F4E03275EDE5A00328FBC /* AppDelegate.swift */,
				869F4E05275EDE5A00328FBC /* SceneDelegate.swift */,
				869F4E07275EDE5A00328FBC /* ViewController.swift */,
				86CDD36B275F17E8009A2569 /* PixelView.swift */,
				869F4E19275EF77E00328FBC /* ColorPickerView.swift */,
				869F4E15275EE12F00328FBC /* GridView.swift */,
				866C99BB2581D60F00FAEF03 /* Default Artwork */,
				869F4E09275EDE5A00328FBC /* Main.storyboard */,
				869F4E0C275EDE5C00328FBC /* Assets.xcassets */,
				869F4E0E275EDE5C00328FBC /* LaunchScreen.storyboard */,
				869F4E11275EDE5C00328FBC /* Info.plist */,
			);
			path = "Semixel-UIKIt";
			sourceTree = "<group>";
		};
		86ADB31D259013DA00F59A39 /* UI */ = {
			isa = PBXGroup;
			children = (
				8617E5292592CF6600D7460B /* SemixelApp.swift */,
				86BFA8E0254CFE0200DE3D1B /* PixelBufferView.swift */,
				864E74D824B714B20000A1AB /* ArtworkView.swift */,
				8642B88F25845A98009E0A66 /* Editor */,
			);
			path = UI;
			sourceTree = "<group>";
		};
		86ADB31E2590142500F59A39 /* Other */ = {
			isa = PBXGroup;
			children = (
				864E74DA24B714B30000A1AB /* Assets.xcassets */,
				864E74E224B714B30000A1AB /* Info.plist */,
				864E74DC24B714B30000A1AB /* Preview Content */,
			);
			path = Other;
			sourceTree = "<group>";
		};
		86B90BDC25565A1400DC7D55 /* Frameworks */ = {
			isa = PBXGroup;
			children = (
			);
			name = Frameworks;
			sourceTree = "<group>";
		};
		86F5204C259017FC00C19E41 /* Support */ = {
			isa = PBXGroup;
			children = (
				869F993B2760207A0005FF31 /* SemanticColor.swift */,
				869F9939276020640005FF31 /* History.swift */,
				869F99372760203F0005FF31 /* SemanticArtwork.swift */,
				869F993527601D5D0005FF31 /* ArtworkStore.swift */,
				862609A725B7BAEF00B325E4 /* ProjectSyncService.swift */,
				862609A625B7BAEF00B325E4 /* ProjectSyncSession.swift */,
				86F520452590164300C19E41 /* FolderMonitor.swift */,
				86F520532590190D00C19E41 /* PixelImage+UIImage.swift */,
				86601FFF25AC33B000BC6CC7 /* initialize.swift */,
			);
			path = Support;
			sourceTree = "<group>";
		};
/* End PBXGroup section */

/* Begin PBXNativeTarget section */
		864E74D024B714B20000A1AB /* Semixel */ = {
			isa = PBXNativeTarget;
			buildConfigurationList = 864E74E524B714B30000A1AB /* Build configuration list for PBXNativeTarget "Semixel" */;
			buildPhases = (
				864E74CD24B714B20000A1AB /* Sources */,
				864E74CE24B714B20000A1AB /* Frameworks */,
				864E74CF24B714B20000A1AB /* Resources */,
			);
			buildRules = (
			);
			dependencies = (
			);
			name = Semixel;
			packageProductDependencies = (
				869F993127601A740005FF31 /* SemixelCore */,
			);
			productName = Semixel;
			productReference = 864E74D124B714B20000A1AB /* Semixel.app */;
			productType = "com.apple.product-type.application";
		};
		869F4E00275EDE5A00328FBC /* Semixel-UIKIt */ = {
			isa = PBXNativeTarget;
			buildConfigurationList = 869F4E14275EDE5C00328FBC /* Build configuration list for PBXNativeTarget "Semixel-UIKIt" */;
			buildPhases = (
				869F4DFD275EDE5A00328FBC /* Sources */,
				869F4DFE275EDE5A00328FBC /* Frameworks */,
				869F4DFF275EDE5A00328FBC /* Resources */,
			);
			buildRules = (
			);
			dependencies = (
			);
			name = "Semixel-UIKIt";
			packageProductDependencies = (
				869F993327601A7C0005FF31 /* SemixelCore */,
			);
			productName = "Semixel-UIKIt";
			productReference = 869F4E01275EDE5A00328FBC /* Semixel-UIKIt.app */;
			productType = "com.apple.product-type.application";
		};
/* End PBXNativeTarget section */

/* Begin PBXProject section */
		864E74C924B714B20000A1AB /* Project object */ = {
			isa = PBXProject;
			attributes = {
				LastSwiftUpdateCheck = 1310;
				LastUpgradeCheck = 1200;
				ORGANIZATIONNAME = "Andrew Thompson";
				TargetAttributes = {
					864E74D024B714B20000A1AB = {
						CreatedOnToolsVersion = 11.5;
					};
					869F4E00275EDE5A00328FBC = {
						CreatedOnToolsVersion = 13.1;
					};
				};
			};
			buildConfigurationList = 864E74CC24B714B20000A1AB /* Build configuration list for PBXProject "Semixel" */;
			compatibilityVersion = "Xcode 9.3";
			developmentRegion = en;
			hasScannedForEncodings = 0;
			knownRegions = (
				en,
				Base,
			);
			mainGroup = 864E74C824B714B20000A1AB;
			packageReferences = (
			);
			productRefGroup = 864E74D224B714B20000A1AB /* Products */;
			projectDirPath = "";
			projectRoot = "";
			targets = (
				864E74D024B714B20000A1AB /* Semixel */,
				869F4E00275EDE5A00328FBC /* Semixel-UIKIt */,
			);
		};
/* End PBXProject section */

/* Begin PBXResourcesBuildPhase section */
		864E74CF24B714B20000A1AB /* Resources */ = {
			isa = PBXResourcesBuildPhase;
			buildActionMask = 2147483647;
			files = (
				861BAB0E276D7CC800E3877E /* Default Artwork in Resources */,
				864E74DE24B714B30000A1AB /* Preview Assets.xcassets in Resources */,
				864E74DB24B714B30000A1AB /* Assets.xcassets in Resources */,
			);
			runOnlyForDeploymentPostprocessing = 0;
		};
		869F4DFF275EDE5A00328FBC /* Resources */ = {
			isa = PBXResourcesBuildPhase;
			buildActionMask = 2147483647;
			files = (
				869F4E10275EDE5C00328FBC /* LaunchScreen.storyboard in Resources */,
				869F4E0D275EDE5C00328FBC /* Assets.xcassets in Resources */,
				861BAB0C276D7CA300E3877E /* Default Artwork in Resources */,
				869F4E0B275EDE5A00328FBC /* Main.storyboard in Resources */,
			);
			runOnlyForDeploymentPostprocessing = 0;
		};
/* End PBXResourcesBuildPhase section */

/* Begin PBXSourcesBuildPhase section */
		864E74CD24B714B20000A1AB /* Sources */ = {
			isa = PBXSourcesBuildPhase;
			buildActionMask = 2147483647;
			files = (
				86554BAF259040B3001864D6 /* SemanticIdentifierView.swift in Sources */,
				8650E40625BAB9F70026AE24 /* ArtworkMetadataView.swift in Sources */,
				86043AFE2592E9AB0057B747 /* PixelView.swift in Sources */,
				86F520462590164300C19E41 /* FolderMonitor.swift in Sources */,
				866DE89E2594482B0036B3E3 /* ToolsMenu.swift in Sources */,
				8617E52A2592CF6600D7460B /* SemixelApp.swift in Sources */,
				869C823C25902DD500B0235E /* ToolType.swift in Sources */,
				869C824525902E5400B0235E /* OverlayView.swift in Sources */,
				869C823825902D7C00B0235E /* PixelGridImageView.swift in Sources */,
				867F396225CE50270047B714 /* DragView.swift in Sources */,
				869F99382760203F0005FF31 /* SemanticArtwork.swift in Sources */,
				860FB303258AC6460014A0E1 /* CollectionView.swift in Sources */,
				8660200025AC33B000BC6CC7 /* initialize.swift in Sources */,
				869F993A276020640005FF31 /* History.swift in Sources */,
				869C824825902E6200B0235E /* ColorPaletteView.swift in Sources */,
				862609A925B7BAEF00B325E4 /* ProjectSyncService.swift in Sources */,
				869F993C2760207A0005FF31 /* SemanticColor.swift in Sources */,
				869C824225902E2E00B0235E /* ToolButton.swift in Sources */,
				864E74D924B714B20000A1AB /* ArtworkView.swift in Sources */,
				86F520542590190D00C19E41 /* PixelImage+UIImage.swift in Sources */,
				869F993627601D5D0005FF31 /* ArtworkStore.swift in Sources */,
				86BFA8E1254CFE0200DE3D1B /* PixelBufferView.swift in Sources */,
				862609A825B7BAEF00B325E4 /* ProjectSyncSession.swift in Sources */,
			);
			runOnlyForDeploymentPostprocessing = 0;
		};
		869F4DFD275EDE5A00328FBC /* Sources */ = {
			isa = PBXSourcesBuildPhase;
			buildActionMask = 2147483647;
			files = (
				869F4E08275EDE5A00328FBC /* ViewController.swift in Sources */,
				869F4E1A275EF77E00328FBC /* ColorPickerView.swift in Sources */,
				869F993E276027D50005FF31 /* PixelImage+UIImage.swift in Sources */,
				86CDD36C275F17E8009A2569 /* PixelView.swift in Sources */,
				869F4E04275EDE5A00328FBC /* AppDelegate.swift in Sources */,
				869F4E16275EE13000328FBC /* GridView.swift in Sources */,
				869F4E06275EDE5A00328FBC /* SceneDelegate.swift in Sources */,
			);
			runOnlyForDeploymentPostprocessing = 0;
		};
/* End PBXSourcesBuildPhase section */

/* Begin PBXVariantGroup section */
		869F4E09275EDE5A00328FBC /* Main.storyboard */ = {
			isa = PBXVariantGroup;
			children = (
				869F4E0A275EDE5A00328FBC /* Base */,
			);
			name = Main.storyboard;
			sourceTree = "<group>";
		};
		869F4E0E275EDE5C00328FBC /* LaunchScreen.storyboard */ = {
			isa = PBXVariantGroup;
			children = (
				869F4E0F275EDE5C00328FBC /* Base */,
			);
			name = LaunchScreen.storyboard;
			sourceTree = "<group>";
		};
/* End PBXVariantGroup section */

/* Begin XCBuildConfiguration section */
		864E74E324B714B30000A1AB /* Debug */ = {
			isa = XCBuildConfiguration;
			buildSettings = {
				ALWAYS_SEARCH_USER_PATHS = NO;
				CLANG_ANALYZER_NONNULL = YES;
				CLANG_ANALYZER_NUMBER_OBJECT_CONVERSION = YES_AGGRESSIVE;
				CLANG_CXX_LANGUAGE_STANDARD = "gnu++14";
				CLANG_CXX_LIBRARY = "libc++";
				CLANG_ENABLE_MODULES = YES;
				CLANG_ENABLE_OBJC_ARC = YES;
				CLANG_ENABLE_OBJC_WEAK = YES;
				CLANG_WARN_BLOCK_CAPTURE_AUTORELEASING = YES;
				CLANG_WARN_BOOL_CONVERSION = YES;
				CLANG_WARN_COMMA = YES;
				CLANG_WARN_CONSTANT_CONVERSION = YES;
				CLANG_WARN_DEPRECATED_OBJC_IMPLEMENTATIONS = YES;
				CLANG_WARN_DIRECT_OBJC_ISA_USAGE = YES_ERROR;
				CLANG_WARN_DOCUMENTATION_COMMENTS = YES;
				CLANG_WARN_EMPTY_BODY = YES;
				CLANG_WARN_ENUM_CONVERSION = YES;
				CLANG_WARN_INFINITE_RECURSION = YES;
				CLANG_WARN_INT_CONVERSION = YES;
				CLANG_WARN_NON_LITERAL_NULL_CONVERSION = YES;
				CLANG_WARN_OBJC_IMPLICIT_RETAIN_SELF = YES;
				CLANG_WARN_OBJC_LITERAL_CONVERSION = YES;
				CLANG_WARN_OBJC_ROOT_CLASS = YES_ERROR;
				CLANG_WARN_QUOTED_INCLUDE_IN_FRAMEWORK_HEADER = YES;
				CLANG_WARN_RANGE_LOOP_ANALYSIS = YES;
				CLANG_WARN_STRICT_PROTOTYPES = YES;
				CLANG_WARN_SUSPICIOUS_MOVE = YES;
				CLANG_WARN_UNGUARDED_AVAILABILITY = YES_AGGRESSIVE;
				CLANG_WARN_UNREACHABLE_CODE = YES;
				CLANG_WARN__DUPLICATE_METHOD_MATCH = YES;
				COPY_PHASE_STRIP = NO;
				DEBUG_INFORMATION_FORMAT = dwarf;
				ENABLE_STRICT_OBJC_MSGSEND = YES;
				ENABLE_TESTABILITY = YES;
				GCC_C_LANGUAGE_STANDARD = gnu11;
				GCC_DYNAMIC_NO_PIC = NO;
				GCC_NO_COMMON_BLOCKS = YES;
				GCC_OPTIMIZATION_LEVEL = 0;
				GCC_PREPROCESSOR_DEFINITIONS = (
					"DEBUG=1",
					"$(inherited)",
				);
				GCC_WARN_64_TO_32_BIT_CONVERSION = YES;
				GCC_WARN_ABOUT_RETURN_TYPE = YES_ERROR;
				GCC_WARN_UNDECLARED_SELECTOR = YES;
				GCC_WARN_UNINITIALIZED_AUTOS = YES_AGGRESSIVE;
				GCC_WARN_UNUSED_FUNCTION = YES;
				GCC_WARN_UNUSED_VARIABLE = YES;
				IPHONEOS_DEPLOYMENT_TARGET = 15.0;
				MTL_ENABLE_DEBUG_INFO = INCLUDE_SOURCE;
				MTL_FAST_MATH = YES;
				ONLY_ACTIVE_ARCH = YES;
				SDKROOT = iphoneos;
				SWIFT_ACTIVE_COMPILATION_CONDITIONS = DEBUG;
				SWIFT_OPTIMIZATION_LEVEL = "-Onone";
			};
			name = Debug;
		};
		864E74E424B714B30000A1AB /* Release */ = {
			isa = XCBuildConfiguration;
			buildSettings = {
				ALWAYS_SEARCH_USER_PATHS = NO;
				CLANG_ANALYZER_NONNULL = YES;
				CLANG_ANALYZER_NUMBER_OBJECT_CONVERSION = YES_AGGRESSIVE;
				CLANG_CXX_LANGUAGE_STANDARD = "gnu++14";
				CLANG_CXX_LIBRARY = "libc++";
				CLANG_ENABLE_MODULES = YES;
				CLANG_ENABLE_OBJC_ARC = YES;
				CLANG_ENABLE_OBJC_WEAK = YES;
				CLANG_WARN_BLOCK_CAPTURE_AUTORELEASING = YES;
				CLANG_WARN_BOOL_CONVERSION = YES;
				CLANG_WARN_COMMA = YES;
				CLANG_WARN_CONSTANT_CONVERSION = YES;
				CLANG_WARN_DEPRECATED_OBJC_IMPLEMENTATIONS = YES;
				CLANG_WARN_DIRECT_OBJC_ISA_USAGE = YES_ERROR;
				CLANG_WARN_DOCUMENTATION_COMMENTS = YES;
				CLANG_WARN_EMPTY_BODY = YES;
				CLANG_WARN_ENUM_CONVERSION = YES;
				CLANG_WARN_INFINITE_RECURSION = YES;
				CLANG_WARN_INT_CONVERSION = YES;
				CLANG_WARN_NON_LITERAL_NULL_CONVERSION = YES;
				CLANG_WARN_OBJC_IMPLICIT_RETAIN_SELF = YES;
				CLANG_WARN_OBJC_LITERAL_CONVERSION = YES;
				CLANG_WARN_OBJC_ROOT_CLASS = YES_ERROR;
				CLANG_WARN_QUOTED_INCLUDE_IN_FRAMEWORK_HEADER = YES;
				CLANG_WARN_RANGE_LOOP_ANALYSIS = YES;
				CLANG_WARN_STRICT_PROTOTYPES = YES;
				CLANG_WARN_SUSPICIOUS_MOVE = YES;
				CLANG_WARN_UNGUARDED_AVAILABILITY = YES_AGGRESSIVE;
				CLANG_WARN_UNREACHABLE_CODE = YES;
				CLANG_WARN__DUPLICATE_METHOD_MATCH = YES;
				COPY_PHASE_STRIP = NO;
				DEBUG_INFORMATION_FORMAT = "dwarf-with-dsym";
				ENABLE_NS_ASSERTIONS = NO;
				ENABLE_STRICT_OBJC_MSGSEND = YES;
				GCC_C_LANGUAGE_STANDARD = gnu11;
				GCC_NO_COMMON_BLOCKS = YES;
				GCC_WARN_64_TO_32_BIT_CONVERSION = YES;
				GCC_WARN_ABOUT_RETURN_TYPE = YES_ERROR;
				GCC_WARN_UNDECLARED_SELECTOR = YES;
				GCC_WARN_UNINITIALIZED_AUTOS = YES_AGGRESSIVE;
				GCC_WARN_UNUSED_FUNCTION = YES;
				GCC_WARN_UNUSED_VARIABLE = YES;
				IPHONEOS_DEPLOYMENT_TARGET = 15.0;
				MTL_ENABLE_DEBUG_INFO = NO;
				MTL_FAST_MATH = YES;
				SDKROOT = iphoneos;
				SWIFT_COMPILATION_MODE = wholemodule;
				SWIFT_OPTIMIZATION_LEVEL = "-O";
				VALIDATE_PRODUCT = YES;
			};
			name = Release;
		};
		864E74E624B714B30000A1AB /* Debug */ = {
			isa = XCBuildConfiguration;
			buildSettings = {
				ASSETCATALOG_COMPILER_APPICON_NAME = AppIcon;
				CODE_SIGN_IDENTITY = "Apple Development";
				CODE_SIGN_STYLE = Automatic;
				DEVELOPMENT_ASSET_PATHS = "\"Semixel/Other/Preview Content\"";
				DEVELOPMENT_TEAM = 63J747E7ZH;
				ENABLE_PREVIEWS = YES;
				INFOPLIST_FILE = Semixel/Other/Info.plist;
				IPHONEOS_DEPLOYMENT_TARGET = 16.0;
				LD_RUNPATH_SEARCH_PATHS = (
					"$(inherited)",
					"@executable_path/Frameworks",
				);
				PRODUCT_BUNDLE_IDENTIFIER = mrwerdo.Semixel;
				PRODUCT_NAME = "$(TARGET_NAME)";
				PROVISIONING_PROFILE_SPECIFIER = "";
				SWIFT_VERSION = 5.0;
				TARGETED_DEVICE_FAMILY = "1,2";
			};
			name = Debug;
		};
		864E74E724B714B30000A1AB /* Release */ = {
			isa = XCBuildConfiguration;
			buildSettings = {
				ASSETCATALOG_COMPILER_APPICON_NAME = AppIcon;
				CODE_SIGN_IDENTITY = "Apple Development";
				CODE_SIGN_STYLE = Automatic;
				DEVELOPMENT_ASSET_PATHS = "\"Semixel/Other/Preview Content\"";
				DEVELOPMENT_TEAM = 63J747E7ZH;
				ENABLE_PREVIEWS = YES;
				INFOPLIST_FILE = Semixel/Other/Info.plist;
				IPHONEOS_DEPLOYMENT_TARGET = 16.0;
				LD_RUNPATH_SEARCH_PATHS = (
					"$(inherited)",
					"@executable_path/Frameworks",
				);
				PRODUCT_BUNDLE_IDENTIFIER = mrwerdo.Semixel;
				PRODUCT_NAME = "$(TARGET_NAME)";
				PROVISIONING_PROFILE_SPECIFIER = "";
				SWIFT_VERSION = 5.0;
				TARGETED_DEVICE_FAMILY = "1,2";
			};
			name = Release;
		};
		869F4E12275EDE5C00328FBC /* Debug */ = {
			isa = XCBuildConfiguration;
			buildSettings = {
				ASSETCATALOG_COMPILER_APPICON_NAME = AppIcon;
				ASSETCATALOG_COMPILER_GLOBAL_ACCENT_COLOR_NAME = AccentColor;
				CLANG_CXX_LANGUAGE_STANDARD = "gnu++17";
				CODE_SIGN_STYLE = Automatic;
				CURRENT_PROJECT_VERSION = 1;
				DEVELOPMENT_TEAM = 63J747E7ZH;
				GENERATE_INFOPLIST_FILE = YES;
				INFOPLIST_FILE = "Semixel-UIKIt/Info.plist";
				INFOPLIST_KEY_UIApplicationSupportsIndirectInputEvents = YES;
				INFOPLIST_KEY_UILaunchStoryboardName = LaunchScreen;
				INFOPLIST_KEY_UIMainStoryboardFile = Main;
				INFOPLIST_KEY_UISupportedInterfaceOrientations = "";
				INFOPLIST_KEY_UISupportedInterfaceOrientations_iPad = "UIInterfaceOrientationPortrait UIInterfaceOrientationPortraitUpsideDown UIInterfaceOrientationLandscapeLeft UIInterfaceOrientationLandscapeRight";
				INFOPLIST_KEY_UISupportedInterfaceOrientations_iPhone = UIInterfaceOrientationPortrait;
				LD_RUNPATH_SEARCH_PATHS = (
					"$(inherited)",
					"@executable_path/Frameworks",
				);
				MARKETING_VERSION = 1.0;
				PRODUCT_BUNDLE_IDENTIFIER = "mrwerdo.Semixel-UIKIt";
				PRODUCT_NAME = "$(TARGET_NAME)";
				SWIFT_EMIT_LOC_STRINGS = YES;
				SWIFT_VERSION = 5.0;
				TARGETED_DEVICE_FAMILY = "1,2";
			};
			name = Debug;
		};
		869F4E13275EDE5C00328FBC /* Release */ = {
			isa = XCBuildConfiguration;
			buildSettings = {
				ASSETCATALOG_COMPILER_APPICON_NAME = AppIcon;
				ASSETCATALOG_COMPILER_GLOBAL_ACCENT_COLOR_NAME = AccentColor;
				CLANG_CXX_LANGUAGE_STANDARD = "gnu++17";
				CODE_SIGN_STYLE = Automatic;
				CURRENT_PROJECT_VERSION = 1;
				DEVELOPMENT_TEAM = 63J747E7ZH;
				GENERATE_INFOPLIST_FILE = YES;
				INFOPLIST_FILE = "Semixel-UIKIt/Info.plist";
				INFOPLIST_KEY_UIApplicationSupportsIndirectInputEvents = YES;
				INFOPLIST_KEY_UILaunchStoryboardName = LaunchScreen;
				INFOPLIST_KEY_UIMainStoryboardFile = Main;
				INFOPLIST_KEY_UISupportedInterfaceOrientations = "";
				INFOPLIST_KEY_UISupportedInterfaceOrientations_iPad = "UIInterfaceOrientationPortrait UIInterfaceOrientationPortraitUpsideDown UIInterfaceOrientationLandscapeLeft UIInterfaceOrientationLandscapeRight";
				INFOPLIST_KEY_UISupportedInterfaceOrientations_iPhone = UIInterfaceOrientationPortrait;
				LD_RUNPATH_SEARCH_PATHS = (
					"$(inherited)",
					"@executable_path/Frameworks",
				);
				MARKETING_VERSION = 1.0;
				PRODUCT_BUNDLE_IDENTIFIER = "mrwerdo.Semixel-UIKIt";
				PRODUCT_NAME = "$(TARGET_NAME)";
				SWIFT_EMIT_LOC_STRINGS = YES;
				SWIFT_VERSION = 5.0;
				TARGETED_DEVICE_FAMILY = "1,2";
			};
			name = Release;
		};
/* End XCBuildConfiguration section */

/* Begin XCConfigurationList section */
		864E74CC24B714B20000A1AB /* Build configuration list for PBXProject "Semixel" */ = {
			isa = XCConfigurationList;
			buildConfigurations = (
				864E74E324B714B30000A1AB /* Debug */,
				864E74E424B714B30000A1AB /* Release */,
			);
			defaultConfigurationIsVisible = 0;
			defaultConfigurationName = Release;
		};
		864E74E524B714B30000A1AB /* Build configuration list for PBXNativeTarget "Semixel" */ = {
			isa = XCConfigurationList;
			buildConfigurations = (
				864E74E624B714B30000A1AB /* Debug */,
				864E74E724B714B30000A1AB /* Release */,
			);
			defaultConfigurationIsVisible = 0;
			defaultConfigurationName = Release;
		};
		869F4E14275EDE5C00328FBC /* Build configuration list for PBXNativeTarget "Semixel-UIKIt" */ = {
			isa = XCConfigurationList;
			buildConfigurations = (
				869F4E12275EDE5C00328FBC /* Debug */,
				869F4E13275EDE5C00328FBC /* Release */,
			);
			defaultConfigurationIsVisible = 0;
			defaultConfigurationName = Release;
		};
/* End XCConfigurationList section */

/* Begin XCSwiftPackageProductDependency section */
		869F993127601A740005FF31 /* SemixelCore */ = {
			isa = XCSwiftPackageProductDependency;
			productName = SemixelCore;
		};
		869F993327601A7C0005FF31 /* SemixelCore */ = {
			isa = XCSwiftPackageProductDependency;
			productName = SemixelCore;
		};
/* End XCSwiftPackageProductDependency section */
	};
	rootObject = 864E74C924B714B20000A1AB /* Project object */;
}
